
Microsoft Visual Studio Solution File, Format Version 12.00
# Visual Studio 14
VisualStudioVersion = 14.0.25420.1
MinimumVisualStudioVersion = 10.0.40219.1
Project("{FAE04EC0-301F-11D3-BF4B-00C04F79EFBC}") = "MvcPL", "MvcPL\MvcPL.csproj", "{C69815EE-568A-45FE-938B-F7BDFB2C6FC8}"
EndProject
Project("{FAE04EC0-301F-11D3-BF4B-00C04F79EFBC}") = "ORM", "ORM\ORM.csproj", "{29EB23D8-53EA-4037-9C90-9A6E30FC1AFD}"
EndProject
Project("{2150E333-8FDC-42A3-9474-1A3956D46DE8}") = "AdditionalServices", "AdditionalServices", "{D1733A01-7837-45F8-9393-C7D076EF7FF6}"
EndProject
Project("{FAE04EC0-301F-11D3-BF4B-00C04F79EFBC}") = "CryptoService.Interface", "CryptoService.Interface\CryptoService.Interface.csproj", "{B8FBF579-861C-46A1-982C-F87C466AEB72}"
EndProject
Project("{FAE04EC0-301F-11D3-BF4B-00C04F79EFBC}") = "CryptoService", "CryptoService\CryptoService.csproj", "{675C409F-F471-4FAE-B5D0-69F27BC27DF1}"
EndProject
Project("{FAE04EC0-301F-11D3-BF4B-00C04F79EFBC}") = "DAL.Interface", "DAL.Interface\DAL.Interface.csproj", "{A19203AA-460A-41C8-893C-AD54E0A8827F}"
EndProject
Project("{FAE04EC0-301F-11D3-BF4B-00C04F79EFBC}") = "DAL", "DAL\DAL.csproj", "{61A57B09-2370-4D76-82D9-68478B786A31}"
EndProject
Project("{FAE04EC0-301F-11D3-BF4B-00C04F79EFBC}") = "BLL.Interface", "BLL.Interface\BLL.Interface.csproj", "{04F407D0-5DA7-4F6A-B4F1-64C92CF634B6}"
EndProject
Project("{FAE04EC0-301F-11D3-BF4B-00C04F79EFBC}") = "BLL", "BLL\BLL.csproj", "{09D63354-01B8-4D05-BEF3-75B778B33D46}"
EndProject
Project("{FAE04EC0-301F-11D3-BF4B-00C04F79EFBC}") = "DependencyResolver", "DependencyResolver\DependencyResolver.csproj", "{9A88D7BD-06E4-4FC0-ACBA-30E4C62CF8D4}"
EndProject
Global
	GlobalSection(SolutionConfigurationPlatforms) = preSolution
		Debug|Any CPU = Debug|Any CPU
		Release|Any CPU = Release|Any CPU
	EndGlobalSection
	GlobalSection(ProjectConfigurationPlatforms) = postSolution
		{C69815EE-568A-45FE-938B-F7BDFB2C6FC8}.Debug|Any CPU.ActiveCfg = Debug|Any CPU
		{C69815EE-568A-45FE-938B-F7BDFB2C6FC8}.Debug|Any CPU.Build.0 = Debug|Any CPU
		{C69815EE-568A-45FE-938B-F7BDFB2C6FC8}.Release|Any CPU.ActiveCfg = Release|Any CPU
		{C69815EE-568A-45FE-938B-F7BDFB2C6FC8}.Release|Any CPU.Build.0 = Release|Any CPU
		{29EB23D8-53EA-4037-9C90-9A6E30FC1AFD}.Debug|Any CPU.ActiveCfg = Debug|Any CPU
		{29EB23D8-53EA-4037-9C90-9A6E30FC1AFD}.Debug|Any CPU.Build.0 = Debug|Any CPU
		{29EB23D8-53EA-4037-9C90-9A6E30FC1AFD}.Release|Any CPU.ActiveCfg = Release|Any CPU
		{29EB23D8-53EA-4037-9C90-9A6E30FC1AFD}.Release|Any CPU.Build.0 = Release|Any CPU
		{B8FBF579-861C-46A1-982C-F87C466AEB72}.Debug|Any CPU.ActiveCfg = Debug|Any CPU
		{B8FBF579-861C-46A1-982C-F87C466AEB72}.Debug|Any CPU.Build.0 = Debug|Any CPU
		{B8FBF579-861C-46A1-982C-F87C466AEB72}.Release|Any CPU.ActiveCfg = Release|Any CPU
		{B8FBF579-861C-46A1-982C-F87C466AEB72}.Release|Any CPU.Build.0 = Release|Any CPU
		{675C409F-F471-4FAE-B5D0-69F27BC27DF1}.Debug|Any CPU.ActiveCfg = Debug|Any CPU
		{675C409F-F471-4FAE-B5D0-69F27BC27DF1}.Debug|Any CPU.Build.0 = Debug|Any CPU
		{675C409F-F471-4FAE-B5D0-69F27BC27DF1}.Release|Any CPU.ActiveCfg = Release|Any CPU
		{675C409F-F471-4FAE-B5D0-69F27BC27DF1}.Release|Any CPU.Build.0 = Release|Any CPU
		{A19203AA-460A-41C8-893C-AD54E0A8827F}.Debug|Any CPU.ActiveCfg = Debug|Any CPU
		{A19203AA-460A-41C8-893C-AD54E0A8827F}.Debug|Any CPU.Build.0 = Debug|Any CPU
		{A19203AA-460A-41C8-893C-AD54E0A8827F}.Release|Any CPU.ActiveCfg = Release|Any CPU
		{A19203AA-460A-41C8-893C-AD54E0A8827F}.Release|Any CPU.Build.0 = Release|Any CPU
		{61A57B09-2370-4D76-82D9-68478B786A31}.Debug|Any CPU.ActiveCfg = Debug|Any CPU
		{61A57B09-2370-4D76-82D9-68478B786A31}.Debug|Any CPU.Build.0 = Debug|Any CPU
		{61A57B09-2370-4D76-82D9-68478B786A31}.Release|Any CPU.ActiveCfg = Release|Any CPU
		{61A57B09-2370-4D76-82D9-68478B786A31}.Release|Any CPU.Build.0 = Release|Any CPU
		{04F407D0-5DA7-4F6A-B4F1-64C92CF634B6}.Debug|Any CPU.ActiveCfg = Debug|Any CPU
		{04F407D0-5DA7-4F6A-B4F1-64C92CF634B6}.Debug|Any CPU.Build.0 = Debug|Any CPU
		{04F407D0-5DA7-4F6A-B4F1-64C92CF634B6}.Release|Any CPU.ActiveCfg = Release|Any CPU
		{04F407D0-5DA7-4F6A-B4F1-64C92CF634B6}.Release|Any CPU.Build.0 = Release|Any CPU
		{09D63354-01B8-4D05-BEF3-75B778B33D46}.Debug|Any CPU.ActiveCfg = Debug|Any CPU
		{09D63354-01B8-4D05-BEF3-75B778B33D46}.Debug|Any CPU.Build.0 = Debug|Any CPU
		{09D63354-01B8-4D05-BEF3-75B778B33D46}.Release|Any CPU.ActiveCfg = Release|Any CPU
		{09D63354-01B8-4D05-BEF3-75B778B33D46}.Release|Any CPU.Build.0 = Release|Any CPU
		{9A88D7BD-06E4-4FC0-ACBA-30E4C62CF8D4}.Debug|Any CPU.ActiveCfg = Debug|Any CPU
		{9A88D7BD-06E4-4FC0-ACBA-30E4C62CF8D4}.Debug|Any CPU.Build.0 = Debug|Any CPU
		{9A88D7BD-06E4-4FC0-ACBA-30E4C62CF8D4}.Release|Any CPU.ActiveCfg = Release|Any CPU
		{9A88D7BD-06E4-4FC0-ACBA-30E4C62CF8D4}.Release|Any CPU.Build.0 = Release|Any CPU
	EndGlobalSection
	GlobalSection(SolutionProperties) = preSolution
		HideSolutionNode = FALSE
	EndGlobalSection
	GlobalSection(NestedProjects) = preSolution
		{B8FBF579-861C-46A1-982C-F87C466AEB72} = {D1733A01-7837-45F8-9393-C7D076EF7FF6}
		{675C409F-F471-4FAE-B5D0-69F27BC27DF1} = {D1733A01-7837-45F8-9393-C7D076EF7FF6}
	EndGlobalSection
EndGlobal
